
Microsoft Visual Studio Solution File, Format Version 12.00
# Visual Studio 15
VisualStudioVersion = 15.0.27428.2027
MinimumVisualStudioVersion = 10.0.40219.1
Project("{FAE04EC0-301F-11D3-BF4B-00C04F79EFBC}") = "TokenAuth.Web", "TokenAuth.Web\TokenAuth.Web.csproj", "{64A4EE01-8581-42DB-AB6D-9D824D2484E8}"
EndProject
Global
	GlobalSection(SolutionConfigurationPlatforms) = preSolution
		Debug|Any CPU = Debug|Any CPU
		Release|Any CPU = Release|Any CPU
	EndGlobalSection
	GlobalSection(ProjectConfigurationPlatforms) = postSolution
		{64A4EE01-8581-42DB-AB6D-9D824D2484E8}.Debug|Any CPU.ActiveCfg = Debug|Any CPU
		{64A4EE01-8581-42DB-AB6D-9D824D2484E8}.Debug|Any CPU.Build.0 = Debug|Any CPU
		{64A4EE01-8581-42DB-AB6D-9D824D2484E8}.Release|Any CPU.ActiveCfg = Release|Any CPU
		{64A4EE01-8581-42DB-AB6D-9D824D2484E8}.Release|Any CPU.Build.0 = Release|Any CPU
	EndGlobalSection
	GlobalSection(SolutionProperties) = preSolution
		HideSolutionNode = FALSE
	EndGlobalSection
	GlobalSection(ExtensibilityGlobals) = postSolution
		SolutionGuid = {41A0628F-F87A-4A1F-9D23-7BF8038EC548}
	EndGlobalSection
EndGlobal
